
Microsoft Visual Studio Solution File, Format Version 12.00
# Visual Studio Version 17
VisualStudioVersion = 17.3.32901.215
MinimumVisualStudioVersion = 10.0.40219.1
Project("{FAE04EC0-301F-11D3-BF4B-00C04F79EFBC}") = "else ıf Ogrenme", "else ıf Ogrenme\else ıf Ogrenme.csproj", "{D6BB073C-771D-4737-A51A-56475A2B6FC2}"
EndProject
Global
	GlobalSection(SolutionConfigurationPlatforms) = preSolution
		Debug|Any CPU = Debug|Any CPU
		Release|Any CPU = Release|Any CPU
	EndGlobalSection
	GlobalSection(ProjectConfigurationPlatforms) = postSolution
		{D6BB073C-771D-4737-A51A-56475A2B6FC2}.Debug|Any CPU.ActiveCfg = Debug|Any CPU
		{D6BB073C-771D-4737-A51A-56475A2B6FC2}.Debug|Any CPU.Build.0 = Debug|Any CPU
		{D6BB073C-771D-4737-A51A-56475A2B6FC2}.Release|Any CPU.ActiveCfg = Release|Any CPU
		{D6BB073C-771D-4737-A51A-56475A2B6FC2}.Release|Any CPU.Build.0 = Release|Any CPU
	EndGlobalSection
	GlobalSection(SolutionProperties) = preSolution
		HideSolutionNode = FALSE
	EndGlobalSection
	GlobalSection(ExtensibilityGlobals) = postSolution
		SolutionGuid = {7463152B-E210-4528-A613-E1CCA1C207A5}
	EndGlobalSection
EndGlobal
